
Microsoft Visual Studio Solution File, Format Version 12.00
# Visual Studio Version 17
VisualStudioVersion = 17.6.33723.286
MinimumVisualStudioVersion = 10.0.40219.1
Project("{FAE04EC0-301F-11D3-BF4B-00C04F79EFBC}") = "Deblog", "Deblog\Deblog.csproj", "{B0235340-B355-48E9-9482-6DBCFFB86A9A}"
EndProject
Global
	GlobalSection(SolutionConfigurationPlatforms) = preSolution
		Debug|Any CPU = Debug|Any CPU
		Release|Any CPU = Release|Any CPU
	EndGlobalSection
	GlobalSection(ProjectConfigurationPlatforms) = postSolution
		{B0235340-B355-48E9-9482-6DBCFFB86A9A}.Debug|Any CPU.ActiveCfg = Debug|Any CPU
		{B0235340-B355-48E9-9482-6DBCFFB86A9A}.Debug|Any CPU.Build.0 = Debug|Any CPU
		{B0235340-B355-48E9-9482-6DBCFFB86A9A}.Release|Any CPU.ActiveCfg = Release|Any CPU
		{B0235340-B355-48E9-9482-6DBCFFB86A9A}.Release|Any CPU.Build.0 = Release|Any CPU
	EndGlobalSection
	GlobalSection(SolutionProperties) = preSolution
		HideSolutionNode = FALSE
	EndGlobalSection
	GlobalSection(ExtensibilityGlobals) = postSolution
		SolutionGuid = {8753541E-6BF0-4FED-8952-2C3DDB61248C}
	EndGlobalSection
EndGlobal
